
Microsoft Visual Studio Solution File, Format Version 12.00
# Visual Studio 2012
Project("{FAE04EC0-301F-11D3-BF4B-00C04F79EFBC}") = "SendEmailService", "SendEmailService\SendEmailService.csproj", "{63CFDE9D-9334-4905-B64E-D5DBA03298FD}"
EndProject
Project("{FAE04EC0-301F-11D3-BF4B-00C04F79EFBC}") = "SendEmailService.Tests", "SendEmailService.Tests\SendEmailService.Tests.csproj", "{A076534C-1F80-4A54-9A5F-9A27B9260732}"
EndProject
Project("{2150E333-8FDC-42A3-9474-1A3956D46DE8}") = ".nuget", ".nuget", "{69493E98-299B-45C9-9FC6-0BF2F6EAC8FB}"
	ProjectSection(SolutionItems) = preProject
		.nuget\packages.config = .nuget\packages.config
	EndProjectSection
EndProject
Global
	GlobalSection(SolutionConfigurationPlatforms) = preSolution
		Debug|Any CPU = Debug|Any CPU
		Release|Any CPU = Release|Any CPU
	EndGlobalSection
	GlobalSection(ProjectConfigurationPlatforms) = postSolution
		{63CFDE9D-9334-4905-B64E-D5DBA03298FD}.Debug|Any CPU.ActiveCfg = Debug|Any CPU
		{63CFDE9D-9334-4905-B64E-D5DBA03298FD}.Debug|Any CPU.Build.0 = Debug|Any CPU
		{63CFDE9D-9334-4905-B64E-D5DBA03298FD}.Release|Any CPU.ActiveCfg = Release|Any CPU
		{63CFDE9D-9334-4905-B64E-D5DBA03298FD}.Release|Any CPU.Build.0 = Release|Any CPU
		{A076534C-1F80-4A54-9A5F-9A27B9260732}.Debug|Any CPU.ActiveCfg = Debug|Any CPU
		{A076534C-1F80-4A54-9A5F-9A27B9260732}.Debug|Any CPU.Build.0 = Debug|Any CPU
		{A076534C-1F80-4A54-9A5F-9A27B9260732}.Release|Any CPU.ActiveCfg = Release|Any CPU
		{A076534C-1F80-4A54-9A5F-9A27B9260732}.Release|Any CPU.Build.0 = Release|Any CPU
	EndGlobalSection
	GlobalSection(SolutionProperties) = preSolution
		HideSolutionNode = FALSE
	EndGlobalSection
EndGlobal
